
Microsoft Visual Studio Solution File, Format Version 12.00
Project("{FAE04EC0-301F-11D3-BF4B-00C04F79EFBC}") = "SmartHouseKT", "SmartHouseKT.csproj", "{1D53AB51-1AB5-4DB2-AEBE-78CBF7F1191D}"
EndProject
Global
	GlobalSection(SolutionConfigurationPlatforms) = preSolution
		Debug|Any CPU = Debug|Any CPU
		Release|Any CPU = Release|Any CPU
	EndGlobalSection
	GlobalSection(ProjectConfigurationPlatforms) = postSolution
		{1D53AB51-1AB5-4DB2-AEBE-78CBF7F1191D}.Debug|Any CPU.ActiveCfg = Debug|Any CPU
		{1D53AB51-1AB5-4DB2-AEBE-78CBF7F1191D}.Debug|Any CPU.Build.0 = Debug|Any CPU
		{1D53AB51-1AB5-4DB2-AEBE-78CBF7F1191D}.Release|Any CPU.ActiveCfg = Release|Any CPU
		{1D53AB51-1AB5-4DB2-AEBE-78CBF7F1191D}.Release|Any CPU.Build.0 = Release|Any CPU
	EndGlobalSection
EndGlobal
